
Microsoft Visual Studio Solution File, Format Version 12.00
# Visual Studio Version 16
VisualStudioVersion = 16.0.30204.135
MinimumVisualStudioVersion = 10.0.40219.1
Project("{FAE04EC0-301F-11D3-BF4B-00C04F79EFBC}") = "Endless Runner WPF.app", "Endless Runner WPF.app\Endless Runner WPF.app.csproj", "{389A093D-EB71-4A82-9348-6D169AB60F00}"
EndProject
Global
	GlobalSection(SolutionConfigurationPlatforms) = preSolution
		Debug|Any CPU = Debug|Any CPU
		Release|Any CPU = Release|Any CPU
	EndGlobalSection
	GlobalSection(ProjectConfigurationPlatforms) = postSolution
		{389A093D-EB71-4A82-9348-6D169AB60F00}.Debug|Any CPU.ActiveCfg = Debug|Any CPU
		{389A093D-EB71-4A82-9348-6D169AB60F00}.Debug|Any CPU.Build.0 = Debug|Any CPU
		{389A093D-EB71-4A82-9348-6D169AB60F00}.Release|Any CPU.ActiveCfg = Release|Any CPU
		{389A093D-EB71-4A82-9348-6D169AB60F00}.Release|Any CPU.Build.0 = Release|Any CPU
	EndGlobalSection
	GlobalSection(SolutionProperties) = preSolution
		HideSolutionNode = FALSE
	EndGlobalSection
	GlobalSection(ExtensibilityGlobals) = postSolution
		SolutionGuid = {75DC06AF-A8B3-46A7-809A-177005F6DDE9}
	EndGlobalSection
EndGlobal
